
Microsoft Visual Studio Solution File, Format Version 12.00
# Visual Studio Version 16
VisualStudioVersion = 16.6.30114.105
MinimumVisualStudioVersion = 10.0.40219.1
Project("{FAE04EC0-301F-11D3-BF4B-00C04F79EFBC}") = "Core", "Core\Core.csproj", "{2F123D68-1A07-4292-ACB0-C1DE7630BF07}"
EndProject
Project("{FAE04EC0-301F-11D3-BF4B-00C04F79EFBC}") = "Docker", "Docker\Docker.csproj", "{C2B25851-3A45-4855-89A4-5FBA6EDE83D5}"
EndProject
Project("{FAE04EC0-301F-11D3-BF4B-00C04F79EFBC}") = "Console", "Console\Console.csproj", "{E879CA8B-64EF-4FFB-8FA0-6DF0CE4FBC13}"
EndProject
Project("{FAE04EC0-301F-11D3-BF4B-00C04F79EFBC}") = "Endpoint", "Endpoint\Endpoint.csproj", "{5B2104BE-9578-4C2B-BA7E-8A9B871F697F}"
EndProject
Global
	GlobalSection(SolutionConfigurationPlatforms) = preSolution
		Debug|Any CPU = Debug|Any CPU
		Debug|x64 = Debug|x64
		Debug|x86 = Debug|x86
		Release|Any CPU = Release|Any CPU
		Release|x64 = Release|x64
		Release|x86 = Release|x86
	EndGlobalSection
	GlobalSection(SolutionProperties) = preSolution
		HideSolutionNode = FALSE
	EndGlobalSection
	GlobalSection(ProjectConfigurationPlatforms) = postSolution
		{2F123D68-1A07-4292-ACB0-C1DE7630BF07}.Debug|Any CPU.ActiveCfg = Debug|Any CPU
		{2F123D68-1A07-4292-ACB0-C1DE7630BF07}.Debug|Any CPU.Build.0 = Debug|Any CPU
		{2F123D68-1A07-4292-ACB0-C1DE7630BF07}.Debug|x64.ActiveCfg = Debug|Any CPU
		{2F123D68-1A07-4292-ACB0-C1DE7630BF07}.Debug|x64.Build.0 = Debug|Any CPU
		{2F123D68-1A07-4292-ACB0-C1DE7630BF07}.Debug|x86.ActiveCfg = Debug|Any CPU
		{2F123D68-1A07-4292-ACB0-C1DE7630BF07}.Debug|x86.Build.0 = Debug|Any CPU
		{2F123D68-1A07-4292-ACB0-C1DE7630BF07}.Release|Any CPU.ActiveCfg = Release|Any CPU
		{2F123D68-1A07-4292-ACB0-C1DE7630BF07}.Release|Any CPU.Build.0 = Release|Any CPU
		{2F123D68-1A07-4292-ACB0-C1DE7630BF07}.Release|x64.ActiveCfg = Release|Any CPU
		{2F123D68-1A07-4292-ACB0-C1DE7630BF07}.Release|x64.Build.0 = Release|Any CPU
		{2F123D68-1A07-4292-ACB0-C1DE7630BF07}.Release|x86.ActiveCfg = Release|Any CPU
		{2F123D68-1A07-4292-ACB0-C1DE7630BF07}.Release|x86.Build.0 = Release|Any CPU
		{C2B25851-3A45-4855-89A4-5FBA6EDE83D5}.Debug|Any CPU.ActiveCfg = Debug|Any CPU
		{C2B25851-3A45-4855-89A4-5FBA6EDE83D5}.Debug|Any CPU.Build.0 = Debug|Any CPU
		{C2B25851-3A45-4855-89A4-5FBA6EDE83D5}.Debug|x64.ActiveCfg = Debug|Any CPU
		{C2B25851-3A45-4855-89A4-5FBA6EDE83D5}.Debug|x64.Build.0 = Debug|Any CPU
		{C2B25851-3A45-4855-89A4-5FBA6EDE83D5}.Debug|x86.ActiveCfg = Debug|Any CPU
		{C2B25851-3A45-4855-89A4-5FBA6EDE83D5}.Debug|x86.Build.0 = Debug|Any CPU
		{C2B25851-3A45-4855-89A4-5FBA6EDE83D5}.Release|Any CPU.ActiveCfg = Release|Any CPU
		{C2B25851-3A45-4855-89A4-5FBA6EDE83D5}.Release|Any CPU.Build.0 = Release|Any CPU
		{C2B25851-3A45-4855-89A4-5FBA6EDE83D5}.Release|x64.ActiveCfg = Release|Any CPU
		{C2B25851-3A45-4855-89A4-5FBA6EDE83D5}.Release|x64.Build.0 = Release|Any CPU
		{C2B25851-3A45-4855-89A4-5FBA6EDE83D5}.Release|x86.ActiveCfg = Release|Any CPU
		{C2B25851-3A45-4855-89A4-5FBA6EDE83D5}.Release|x86.Build.0 = Release|Any CPU
		{E879CA8B-64EF-4FFB-8FA0-6DF0CE4FBC13}.Debug|Any CPU.ActiveCfg = Debug|Any CPU
		{E879CA8B-64EF-4FFB-8FA0-6DF0CE4FBC13}.Debug|Any CPU.Build.0 = Debug|Any CPU
		{E879CA8B-64EF-4FFB-8FA0-6DF0CE4FBC13}.Debug|x64.ActiveCfg = Debug|Any CPU
		{E879CA8B-64EF-4FFB-8FA0-6DF0CE4FBC13}.Debug|x64.Build.0 = Debug|Any CPU
		{E879CA8B-64EF-4FFB-8FA0-6DF0CE4FBC13}.Debug|x86.ActiveCfg = Debug|Any CPU
		{E879CA8B-64EF-4FFB-8FA0-6DF0CE4FBC13}.Debug|x86.Build.0 = Debug|Any CPU
		{E879CA8B-64EF-4FFB-8FA0-6DF0CE4FBC13}.Release|Any CPU.ActiveCfg = Release|Any CPU
		{E879CA8B-64EF-4FFB-8FA0-6DF0CE4FBC13}.Release|Any CPU.Build.0 = Release|Any CPU
		{E879CA8B-64EF-4FFB-8FA0-6DF0CE4FBC13}.Release|x64.ActiveCfg = Release|Any CPU
		{E879CA8B-64EF-4FFB-8FA0-6DF0CE4FBC13}.Release|x64.Build.0 = Release|Any CPU
		{E879CA8B-64EF-4FFB-8FA0-6DF0CE4FBC13}.Release|x86.ActiveCfg = Release|Any CPU
		{E879CA8B-64EF-4FFB-8FA0-6DF0CE4FBC13}.Release|x86.Build.0 = Release|Any CPU
		{5B2104BE-9578-4C2B-BA7E-8A9B871F697F}.Debug|Any CPU.ActiveCfg = Debug|Any CPU
		{5B2104BE-9578-4C2B-BA7E-8A9B871F697F}.Debug|Any CPU.Build.0 = Debug|Any CPU
		{5B2104BE-9578-4C2B-BA7E-8A9B871F697F}.Debug|x64.ActiveCfg = Debug|Any CPU
		{5B2104BE-9578-4C2B-BA7E-8A9B871F697F}.Debug|x64.Build.0 = Debug|Any CPU
		{5B2104BE-9578-4C2B-BA7E-8A9B871F697F}.Debug|x86.ActiveCfg = Debug|Any CPU
		{5B2104BE-9578-4C2B-BA7E-8A9B871F697F}.Debug|x86.Build.0 = Debug|Any CPU
		{5B2104BE-9578-4C2B-BA7E-8A9B871F697F}.Release|Any CPU.ActiveCfg = Release|Any CPU
		{5B2104BE-9578-4C2B-BA7E-8A9B871F697F}.Release|Any CPU.Build.0 = Release|Any CPU
		{5B2104BE-9578-4C2B-BA7E-8A9B871F697F}.Release|x64.ActiveCfg = Release|Any CPU
		{5B2104BE-9578-4C2B-BA7E-8A9B871F697F}.Release|x64.Build.0 = Release|Any CPU
		{5B2104BE-9578-4C2B-BA7E-8A9B871F697F}.Release|x86.ActiveCfg = Release|Any CPU
		{5B2104BE-9578-4C2B-BA7E-8A9B871F697F}.Release|x86.Build.0 = Release|Any CPU
	EndGlobalSection
EndGlobal
